Microsoft Visual Studio Solution File, Format Version 12.00
# Visual Studio 15
VisualStudioVersion = 15.0.28307.1321
MinimumVisualStudioVersion = 10.0.40219.1
Project("{FAE04EC0-301F-11D3-BF4B-00C04F79EFBC}") = "YoutubeChannelStream.Android", "YoutubeChannelStream.Android\YoutubeChannelStream.Android.csproj", "{3749783E-BE6B-4B04-B190-27E58C57AD96}"
EndProject
Project("{FAE04EC0-301F-11D3-BF4B-00C04F79EFBC}") = "YoutubeChannelStream.iOS", "YoutubeChannelStream.iOS\YoutubeChannelStream.iOS.csproj", "{21A9F6AA-4076-46FC-96F4-1B061405D792}"
EndProject
Project("{9A19103F-16F7-4668-BE54-9A1E7A4F7556}") = "YoutubeChannelStream", "YoutubeChannelStream\YoutubeChannelStream.csproj", "{CAC574B4-23AB-4445-A1A7-05D2DB76AD71}"
EndProject
Global
	GlobalSection(SolutionConfigurationPlatforms) = preSolution
		Ad-Hoc|Any CPU = Ad-Hoc|Any CPU
		Ad-Hoc|iPhone = Ad-Hoc|iPhone
		Ad-Hoc|iPhoneSimulator = Ad-Hoc|iPhoneSimulator
		AppStore|Any CPU = AppStore|Any CPU
		AppStore|iPhone = AppStore|iPhone
		AppStore|iPhoneSimulator = AppStore|iPhoneSimulator
		Debug|Any CPU = Debug|Any CPU
		Debug|iPhone = Debug|iPhone
		Debug|iPhoneSimulator = Debug|iPhoneSimulator
		Release|Any CPU = Release|Any CPU
		Release|iPhone = Release|iPhone
		Release|iPhoneSimulator = Release|iPhoneSimulator
	EndGlobalSection
	GlobalSection(ProjectConfigurationPlatforms) = postSolution
		{3749783E-BE6B-4B04-B190-27E58C57AD96}.Ad-Hoc|Any CPU.ActiveCfg = Release|Any CPU
		{3749783E-BE6B-4B04-B190-27E58C57AD96}.Ad-Hoc|Any CPU.Build.0 = Release|Any CPU
		{3749783E-BE6B-4B04-B190-27E58C57AD96}.Ad-Hoc|Any CPU.Deploy.0 = Release|Any CPU
		{3749783E-BE6B-4B04-B190-27E58C57AD96}.Ad-Hoc|iPhone.ActiveCfg = Debug|Any CPU
		{3749783E-BE6B-4B04-B190-27E58C57AD96}.Ad-Hoc|iPhone.Build.0 = Debug|Any CPU
		{3749783E-BE6B-4B04-B190-27E58C57AD96}.Ad-Hoc|iPhoneSimulator.ActiveCfg = Release|Any CPU
		{3749783E-BE6B-4B04-B190-27E58C57AD96}.Ad-Hoc|iPhoneSimulator.Build.0 = Release|Any CPU
		{3749783E-BE6B-4B04-B190-27E58C57AD96}.Ad-Hoc|iPhoneSimulator.Deploy.0 = Release|Any CPU
		{3749783E-BE6B-4B04-B190-27E58C57AD96}.AppStore|Any CPU.ActiveCfg = Release|Any CPU
		{3749783E-BE6B-4B04-B190-27E58C57AD96}.AppStore|Any CPU.Build.0 = Release|Any CPU
		{3749783E-BE6B-4B04-B190-27E58C57AD96}.AppStore|Any CPU.Deploy.0 = Release|Any CPU
		{3749783E-BE6B-4B04-B190-27E58C57AD96}.AppStore|iPhone.ActiveCfg = Debug|Any CPU
		{3749783E-BE6B-4B04-B190-27E58C57AD96}.AppStore|iPhone.Build.0 = Debug|Any CPU
		{3749783E-BE6B-4B04-B190-27E58C57AD96}.AppStore|iPhoneSimulator.ActiveCfg = Release|Any CPU
		{3749783E-BE6B-4B04-B190-27E58C57AD96}.AppStore|iPhoneSimulator.Build.0 = Release|Any CPU
		{3749783E-BE6B-4B04-B190-27E58C57AD96}.AppStore|iPhoneSimulator.Deploy.0 = Release|Any CPU
		{3749783E-BE6B-4B04-B190-27E58C57AD96}.Debug|Any CPU.ActiveCfg = Debug|Any CPU
		{3749783E-BE6B-4B04-B190-27E58C57AD96}.Debug|Any CPU.Build.0 = Debug|Any CPU
		{3749783E-BE6B-4B04-B190-27E58C57AD96}.Debug|iPhone.ActiveCfg = Debug|Any CPU
		{3749783E-BE6B-4B04-B190-27E58C57AD96}.Debug|iPhone.Build.0 = Debug|Any CPU
		{3749783E-BE6B-4B04-B190-27E58C57AD96}.Debug|iPhoneSimulator.ActiveCfg = Debug|Any CPU
		{3749783E-BE6B-4B04-B190-27E58C57AD96}.Debug|iPhoneSimulator.Build.0 = Debug|Any CPU
		{3749783E-BE6B-4B04-B190-27E58C57AD96}.Release|Any CPU.ActiveCfg = Release|Any CPU
		{3749783E-BE6B-4B04-B190-27E58C57AD96}.Release|Any CPU.Build.0 = Release|Any CPU
		{3749783E-BE6B-4B04-B190-27E58C57AD96}.Release|iPhone.ActiveCfg = Release|Any CPU
		{3749783E-BE6B-4B04-B190-27E58C57AD96}.Release|iPhone.Build.0 = Release|Any CPU
		{3749783E-BE6B-4B04-B190-27E58C57AD96}.Release|iPhoneSimulator.ActiveCfg = Release|Any CPU
		{3749783E-BE6B-4B04-B190-27E58C57AD96}.Release|iPhoneSimulator.Build.0 = Release|Any CPU
		{21A9F6AA-4076-46FC-96F4-1B061405D792}.Ad-Hoc|Any CPU.ActiveCfg = Ad-Hoc|iPhoneSimulator
		{21A9F6AA-4076-46FC-96F4-1B061405D792}.Ad-Hoc|iPhone.ActiveCfg = Ad-Hoc|iPhone
		{21A9F6AA-4076-46FC-96F4-1B061405D792}.Ad-Hoc|iPhone.Build.0 = Ad-Hoc|iPhone
		{21A9F6AA-4076-46FC-96F4-1B061405D792}.Ad-Hoc|iPhoneSimulator.ActiveCfg = Ad-Hoc|iPhoneSimulator
		{21A9F6AA-4076-46FC-96F4-1B061405D792}.Ad-Hoc|iPhoneSimulator.Build.0 = Ad-Hoc|iPhoneSimulator
		{21A9F6AA-4076-46FC-96F4-1B061405D792}.AppStore|Any CPU.ActiveCfg = AppStore|iPhoneSimulator
		{21A9F6AA-4076-46FC-96F4-1B061405D792}.AppStore|iPhone.ActiveCfg = AppStore|iPhone
		{21A9F6AA-4076-46FC-96F4-1B061405D792}.AppStore|iPhone.Build.0 = AppStore|iPhone
		{21A9F6AA-4076-46FC-96F4-1B061405D792}.AppStore|iPhoneSimulator.ActiveCfg = AppStore|iPhoneSimulator
		{21A9F6AA-4076-46FC-96F4-1B061405D792}.AppStore|iPhoneSimulator.Build.0 = AppStore|iPhoneSimulator
		{21A9F6AA-4076-46FC-96F4-1B061405D792}.Debug|Any CPU.ActiveCfg = Debug|iPhoneSimulator
		{21A9F6AA-4076-46FC-96F4-1B061405D792}.Debug|Any CPU.Build.0 = Debug|iPhoneSimulator
		{21A9F6AA-4076-46FC-96F4-1B061405D792}.Debug|iPhone.ActiveCfg = Debug|iPhone
		{21A9F6AA-4076-46FC-96F4-1B061405D792}.Debug|iPhone.Build.0 = Debug|iPhone
		{21A9F6AA-4076-46FC-96F4-1B061405D792}.Debug|iPhoneSimulator.ActiveCfg = Debug|iPhoneSimulator
		{21A9F6AA-4076-46FC-96F4-1B061405D792}.Debug|iPhoneSimulator.Build.0 = Debug|iPhoneSimulator
		{21A9F6AA-4076-46FC-96F4-1B061405D792}.Release|Any CPU.ActiveCfg = Release|iPhoneSimulator
		{21A9F6AA-4076-46FC-96F4-1B061405D792}.Release|Any CPU.Build.0 = Release|iPhoneSimulator
		{21A9F6AA-4076-46FC-96F4-1B061405D792}.Release|iPhone.ActiveCfg = Release|iPhone
		{21A9F6AA-4076-46FC-96F4-1B061405D792}.Release|iPhone.Build.0 = Release|iPhone
		{21A9F6AA-4076-46FC-96F4-1B061405D792}.Release|iPhoneSimulator.ActiveCfg = Release|iPhoneSimulator
		{21A9F6AA-4076-46FC-96F4-1B061405D792}.Release|iPhoneSimulator.Build.0 = Release|iPhoneSimulator
		{CAC574B4-23AB-4445-A1A7-05D2DB76AD71}.Ad-Hoc|Any CPU.ActiveCfg = Release|Any CPU
		{CAC574B4-23AB-4445-A1A7-05D2DB76AD71}.Ad-Hoc|Any CPU.Build.0 = Release|Any CPU
		{CAC574B4-23AB-4445-A1A7-05D2DB76AD71}.Ad-Hoc|iPhone.ActiveCfg = Debug|Any CPU
		{CAC574B4-23AB-4445-A1A7-05D2DB76AD71}.Ad-Hoc|iPhone.Build.0 = Debug|Any CPU
		{CAC574B4-23AB-4445-A1A7-05D2DB76AD71}.Ad-Hoc|iPhoneSimulator.ActiveCfg = Release|Any CPU
		{CAC574B4-23AB-4445-A1A7-05D2DB76AD71}.Ad-Hoc|iPhoneSimulator.Build.0 = Release|Any CPU
		{CAC574B4-23AB-4445-A1A7-05D2DB76AD71}.AppStore|Any CPU.ActiveCfg = Release|Any CPU
		{CAC574B4-23AB-4445-A1A7-05D2DB76AD71}.AppStore|Any CPU.Build.0 = Release|Any CPU
		{CAC574B4-23AB-4445-A1A7-05D2DB76AD71}.AppStore|iPhone.ActiveCfg = Debug|Any CPU
		{CAC574B4-23AB-4445-A1A7-05D2DB76AD71}.AppStore|iPhone.Build.0 = Debug|Any CPU
		{CAC574B4-23AB-4445-A1A7-05D2DB76AD71}.AppStore|iPhoneSimulator.ActiveCfg = Release|Any CPU
		{CAC574B4-23AB-4445-A1A7-05D2DB76AD71}.AppStore|iPhoneSimulator.Build.0 = Release|Any CPU
		{CAC574B4-23AB-4445-A1A7-05D2DB76AD71}.Debug|Any CPU.ActiveCfg = Debug|Any CPU
		{CAC574B4-23AB-4445-A1A7-05D2DB76AD71}.Debug|Any CPU.Build.0 = Debug|Any CPU
		{CAC574B4-23AB-4445-A1A7-05D2DB76AD71}.Debug|iPhone.ActiveCfg = Debug|Any CPU
		{CAC574B4-23AB-4445-A1A7-05D2DB76AD71}.Debug|iPhone.Build.0 = Debug|Any CPU
		{CAC574B4-23AB-4445-A1A7-05D2DB76AD71}.Debug|iPhoneSimulator.ActiveCfg = Debug|Any CPU
		{CAC574B4-23AB-4445-A1A7-05D2DB76AD71}.Debug|iPhoneSimulator.Build.0 = Debug|Any CPU
		{CAC574B4-23AB-4445-A1A7-05D2DB76AD71}.Release|Any CPU.ActiveCfg = Release|Any CPU
		{CAC574B4-23AB-4445-A1A7-05D2DB76AD71}.Release|Any CPU.Build.0 = Release|Any CPU
		{CAC574B4-23AB-4445-A1A7-05D2DB76AD71}.Release|iPhone.ActiveCfg = Release|Any CPU
		{CAC574B4-23AB-4445-A1A7-05D2DB76AD71}.Release|iPhone.Build.0 = Release|Any CPU
		{CAC574B4-23AB-4445-A1A7-05D2DB76AD71}.Release|iPhoneSimulator.ActiveCfg = Release|Any CPU
		{CAC574B4-23AB-4445-A1A7-05D2DB76AD71}.Release|iPhoneSimulator.Build.0 = Release|Any CPU
	EndGlobalSection
	GlobalSection(SolutionProperties) = preSolution
		HideSolutionNode = FALSE
	EndGlobalSection
	GlobalSection(ExtensibilityGlobals) = postSolution
		SolutionGuid = {9802589C-F37E-41EE-83D1-B424D93976CB}
	EndGlobalSection
EndGlobal
